{
  "name": "retwallet2.0",
  "version": "1.0.0",
  "lockfileVersion": 3,
  "requires": true,
  "packages": {
    "": {
      "name": "retwallet2.0",
      "version": "1.0.0",
      "license": "ISC",
      "dependencies": {
        "@xrplf/secret-numbers": "^3.0.0"
      }
    },
    "node_modules/@noble/curves": {
      "version": "2.2.0",
      "resolved": "https://registry.npmjs.org/@noble/curves/-/curves-2.2.0.tgz",
      "integrity": "sha512-T/BoHgFXirb0ENSPBquzX0rcjXeM6Lo892a2jlYJkqk83LqZx0l1Of7DzlKJ6jkpvMrkHSnAcgb5JegL8SeIkQ==",
      "dependencies": {
        "@noble/hashes": "2.2.0"
      },
      "engines": {
        "node": ">= 20.19.0"
      },
      "funding": {
        "url": "https://paulmillr.com/funding/"
      }
    },
    "node_modules/@noble/hashes": {
      "version": "2.2.0",
      "resolved": "https://registry.npmjs.org/@noble/hashes/-/hashes-2.2.0.tgz",
      "integrity": "sha512-IYqDGiTXab6FniAgnSdZwgWbomxpy9FtYvLKs7wCUs2a8RkITG+DFGO1DM9cr+E3/RgADRpFjrKVaJ1z6sjtEg==",
      "engines": {
        "node": ">= 20.19.0"
      },
      "funding": {
        "url": "https://paulmillr.com/funding/"
      }
    },
    "node_modules/@scure/base": {
      "version": "2.2.0",
      "resolved": "https://registry.npmjs.org/@scure/base/-/base-2.2.0.tgz",
      "integrity": "sha512-b8XEupJibegiXV+tDUseI8oLQc8ei3d/4Jkb2RpbHh3MfE054ov3uIz2dhFkB3FI8iwYkEh0gGCApkrYggkPNg==",
      "funding": {
        "url": "https://paulmillr.com/funding/"
      }
    },
    "node_modules/@xrplf/isomorphic": {
      "version": "1.0.2",
      "resolved": "https://registry.npmjs.org/@xrplf/isomorphic/-/isomorphic-1.0.2.tgz",
      "integrity": "sha512-ncZUdMXr6VlSXtdoiDi0jTH+gBrgGxwVeEidhoegII3PmyErbQsyj6e+j7acmR4LW/lvBkPkzb9QzRfJH0n3rA==",
      "dependencies": {
        "@noble/hashes": "^2.0.1",
        "eventemitter3": "5.0.1",
        "ws": "^8.20.0"
      },
      "engines": {
        "node": ">=18.0.0"
      }
    },
    "node_modules/@xrplf/secret-numbers": {
      "version": "3.0.0",
      "resolved": "https://registry.npmjs.org/@xrplf/secret-numbers/-/secret-numbers-3.0.0.tgz",
      "integrity": "sha512-qpGhAZXv5noMDjCtfzq5NK0y5rrdwTVjKhhPcAYSE+a/gogBOgqdpCKyieprVVPCnmVmJnGeRoZKBAqpCGegsA==",
      "dependencies": {
        "@xrplf/isomorphic": "^1.0.2",
        "ripple-keypairs": "^3.0.0"
      }
    },
    "node_modules/eventemitter3": {
      "version": "5.0.1",
      "resolved": "https://registry.npmjs.org/eventemitter3/-/eventemitter3-5.0.1.tgz",
      "integrity": "sha512-GWkBvjiSZK87ELrYOSESUYeVIc9mvLLf/nXalMOS5dYrgZq9o5OVkbZAVM06CVxYsCwH9BDZFPlQTlPA1j4ahA=="
    },
    "node_modules/ripple-address-codec": {
      "version": "5.0.1",
      "resolved": "https://registry.npmjs.org/ripple-address-codec/-/ripple-address-codec-5.0.1.tgz",
      "integrity": "sha512-JQHLKuVJV8lv9Qobmn4aUM2Dpv9WRRLKnNWfM8tN02fAbUtG8mUPsu9q9UYX8P76G4qzytEc5ZKMp/3JggNYmw==",
      "dependencies": {
        "@scure/base": "^2.0.0",
        "@xrplf/isomorphic": "^1.0.2"
      },
      "engines": {
        "node": ">= 18"
      }
    },
    "node_modules/ripple-keypairs": {
      "version": "3.0.0",
      "resolved": "https://registry.npmjs.org/ripple-keypairs/-/ripple-keypairs-3.0.0.tgz",
      "integrity": "sha512-lE69pD0E8hFNCqZoVXRyY45Yi8Ku+Qw7Rf1qRwPj4nOi34vp9NAuwzfiJH1IwXGWNCfEkwVfctG99CPTEoUf+g==",
      "dependencies": {
        "@noble/curves": "^2.0.1",
        "@xrplf/isomorphic": "^1.0.2",
        "ripple-address-codec": "^5.0.1"
      },
      "engines": {
        "node": ">= 18"
      }
    },
    "node_modules/ws": {
      "version": "8.21.1",
      "resolved": "https://registry.npmjs.org/ws/-/ws-8.21.1.tgz",
      "integrity": "sha512-+0NTnW77fFN/DjQi6k/Sq/Yvk4Sgajw7urW8V+asjXnRgDs9gyGkdb7EzgfhA4goXsRIZKE28fzIXBHEzhuiWw==",
      "engines": {
        "node": ">=10.0.0"
      },
      "peerDependencies": {
        "bufferutil": "^4.0.1",
        "utf-8-validate": ">=5.0.2"
      },
      "peerDependenciesMeta": {
        "bufferutil": {
          "optional": true
        },
        "utf-8-validate": {
          "optional": true
        }
      }
    }
  }
}
